
Microsoft Visual Studio Solution File, Format Version 12.00
# Visual Studio 15
VisualStudioVersion = 15.0.26403.0
MinimumVisualStudioVersion = 10.0.40219.1
Project("{FAE04EC0-301F-11D3-BF4B-00C04F79EFBC}") = "FilmCatalog", "FilmCatalog\FilmCatalog.csproj", "{7D7E8095-AFDA-4899-8BCB-0219D03EDD1B}"
EndProject
Global
	GlobalSection(SolutionConfigurationPlatforms) = preSolution
		Debug|Any CPU = Debug|Any CPU
		Release|Any CPU = Release|Any CPU
	EndGlobalSection
	GlobalSection(ProjectConfigurationPlatforms) = postSolution
		{7D7E8095-AFDA-4899-8BCB-0219D03EDD1B}.Debug|Any CPU.ActiveCfg = Debug|Any CPU
		{7D7E8095-AFDA-4899-8BCB-0219D03EDD1B}.Debug|Any CPU.Build.0 = Debug|Any CPU
		{7D7E8095-AFDA-4899-8BCB-0219D03EDD1B}.Release|Any CPU.ActiveCfg = Release|Any CPU
		{7D7E8095-AFDA-4899-8BCB-0219D03EDD1B}.Release|Any CPU.Build.0 = Release|Any CPU
	EndGlobalSection
	GlobalSection(SolutionProperties) = preSolution
		HideSolutionNode = FALSE
	EndGlobalSection
	GlobalSection(ExtensibilityGlobals) = postSolution
		SolutionGuid = {00247A58-0590-4ABA-97FB-360B6D591B11}
	EndGlobalSection
EndGlobal
